// !$*UTF8*$!
{
	archiveVersion = 1;
	classes = {
	};
	objectVersion = 46;
	objects = {

/* Begin PBXBuildFile section */
		2284917A13B2480500853F54 /* UIKit.framework in Frameworks */ = {isa = PBXBuildFile; fileRef = 2284917913B2480500853F54 /* UIKit.framework */; };
		2284917C13B2480500853F54 /* Foundation.framework in Frameworks */ = {isa = PBXBuildFile; fileRef = 2284917B13B2480500853F54 /* Foundation.framework */; };
		2284917E13B2480500853F54 /* CoreGraphics.framework in Frameworks */ = {isa = PBXBuildFile; fileRef = 2284917D13B2480500853F54 /* CoreGraphics.framework */; };
		2284918413B2480500853F54 /* InfoPlist.strings in Resources */ = {isa = PBXBuildFile; fileRef = 2284918213B2480500853F54 /* InfoPlist.strings */; };
		2284918713B2480500853F54 /* main.m in Sources */ = {isa = PBXBuildFile; fileRef = 2284918613B2480500853F54 /* main.m */; };
		2284918A13B2480600853F54 /* TWFYAppDelegate.m in Sources */ = {isa = PBXBuildFile; fileRef = 2284918913B2480600853F54 /* TWFYAppDelegate.m */; };
		2284918D13B2480600853F54 /* MainWindow.xib in Resources */ = {isa = PBXBuildFile; fileRef = 2284918B13B2480600853F54 /* MainWindow.xib */; };
		2284919913B2482500853F54 /* Constituency.m in Sources */ = {isa = PBXBuildFile; fileRef = 2284919413B2482500853F54 /* Constituency.m */; };
		2284919A13B2482500853F54 /* Lord.m in Sources */ = {isa = PBXBuildFile; fileRef = 2284919613B2482500853F54 /* Lord.m */; };
		2284919B13B2482500853F54 /* MP.m in Sources */ = {isa = PBXBuildFile; fileRef = 2284919813B2482500853F54 /* MP.m */; };
		228491A913B2484200853F54 /* ConstituenciesViewController.m in Sources */ = {isa = PBXBuildFile; fileRef = 2284919E13B2484200853F54 /* ConstituenciesViewController.m */; };
		228491AA13B2484200853F54 /* ConstituenciesViewController.xib in Resources */ = {isa = PBXBuildFile; fileRef = 2284919F13B2484200853F54 /* ConstituenciesViewController.xib */; };
		228491AB13B2484200853F54 /* LordsViewController.m in Sources */ = {isa = PBXBuildFile; fileRef = 228491A113B2484200853F54 /* LordsViewController.m */; };
		228491AC13B2484200853F54 /* LordsViewController.xib in Resources */ = {isa = PBXBuildFile; fileRef = 228491A213B2484200853F54 /* LordsViewController.xib */; };
		228491AD13B2484200853F54 /* MPsViewController.m in Sources */ = {isa = PBXBuildFile; fileRef = 228491A413B2484200853F54 /* MPsViewController.m */; };
		228491AE13B2484200853F54 /* MPsViewController.xib in Resources */ = {isa = PBXBuildFile; fileRef = 228491A513B2484200853F54 /* MPsViewController.xib */; };
		228491AF13B2484200853F54 /* SettingViewController.m in Sources */ = {isa = PBXBuildFile; fileRef = 228491A713B2484200853F54 /* SettingViewController.m */; };
		228491B013B2484200853F54 /* SettingViewController.xib in Resources */ = {isa = PBXBuildFile; fileRef = 228491A813B2484200853F54 /* SettingViewController.xib */; };
		228491B413B2495E00853F54 /* README.markdown in Resources */ = {isa = PBXBuildFile; fileRef = 228491B313B2495E00853F54 /* README.markdown */; };
/* End PBXBuildFile section */

/* Begin PBXFileReference section */
		2284917513B2480500853F54 /* TWFY.app */ = {isa = PBXFileReference; explicitFileType = wrapper.application; includeInIndex = 0; path = TWFY.app; sourceTree = BUILT_PRODUCTS_DIR; };
		2284917913B2480500853F54 /* UIKit.framework */ = {isa = PBXFileReference; lastKnownFileType = wrapper.framework; name = UIKit.framework; path = System/Library/Frameworks/UIKit.framework; sourceTree = SDKROOT; };
		2284917B13B2480500853F54 /* Foundation.framework */ = {isa = PBXFileReference; lastKnownFileType = wrapper.framework; name = Foundation.framework; path = System/Library/Frameworks/Foundation.framework; sourceTree = SDKROOT; };
		2284917D13B2480500853F54 /* CoreGraphics.framework */ = {isa = PBXFileReference; lastKnownFileType = wrapper.framework; name = CoreGraphics.framework; path = System/Library/Frameworks/CoreGraphics.framework; sourceTree = SDKROOT; };
		2284918113B2480500853F54 /* TWFY-Info.plist */ = {isa = PBXFileReference; lastKnownFileType = text.plist.xml; path = "TWFY-Info.plist"; sourceTree = "<group>"; };
		2284918313B2480500853F54 /* en */ = {isa = PBXFileReference; lastKnownFileType = text.plist.strings; name = en; path = en.lproj/InfoPlist.strings; sourceTree = "<group>"; };
		2284918513B2480500853F54 /* TWFY-Prefix.pch */ = {isa = PBXFileReference; lastKnownFileType = sourcecode.c.h; path = "TWFY-Prefix.pch"; sourceTree = "<group>"; };
		2284918613B2480500853F54 /* main.m */ = {isa = PBXFileReference; lastKnownFileType = sourcecode.c.objc; path = main.m; sourceTree = "<group>"; };
		2284918813B2480500853F54 /* TWFYAppDelegate.h */ = {isa = PBXFileReference; lastKnownFileType = sourcecode.c.h; path = TWFYAppDelegate.h; sourceTree = "<group>"; };
		2284918913B2480600853F54 /* TWFYAppDelegate.m */ = {isa = PBXFileReference; lastKnownFileType = sourcecode.c.objc; path = TWFYAppDelegate.m; sourceTree = "<group>"; };
		2284918C13B2480600853F54 /* en */ = {isa = PBXFileReference; lastKnownFileType = file.xib; name = en; path = en.lproj/MainWindow.xib; sourceTree = "<group>"; };
		2284919313B2482500853F54 /* Constituency.h */ = {isa = PBXFileReference; fileEncoding = 4; lastKnownFileType = sourcecode.c.h; path = Constituency.h; sourceTree = "<group>"; };
		2284919413B2482500853F54 /* Constituency.m */ = {isa = PBXFileReference; fileEncoding = 4; lastKnownFileType = sourcecode.c.objc; path = Constituency.m; sourceTree = "<group>"; };
		2284919513B2482500853F54 /* Lord.h */ = {isa = PBXFileReference; fileEncoding = 4; lastKnownFileType = sourcecode.c.h; path = Lord.h; sourceTree = "<group>"; };
		2284919613B2482500853F54 /* Lord.m */ = {isa = PBXFileReference; fileEncoding = 4; lastKnownFileType = sourcecode.c.objc; path = Lord.m; sourceTree = "<group>"; };
		2284919713B2482500853F54 /* MP.h */ = {isa = PBXFileReference; fileEncoding = 4; lastKnownFileType = sourcecode.c.h; path = MP.h; sourceTree = "<group>"; };
		2284919813B2482500853F54 /* MP.m */ = {isa = PBXFileReference; fileEncoding = 4; lastKnownFileType = sourcecode.c.objc; path = MP.m; sourceTree = "<group>"; };
		2284919D13B2484200853F54 /* ConstituenciesViewController.h */ = {isa = PBXFileReference; fileEncoding = 4; lastKnownFileType = sourcecode.c.h; path = ConstituenciesViewController.h; sourceTree = "<group>"; };
		2284919E13B2484200853F54 /* ConstituenciesViewController.m */ = {isa = PBXFileReference; fileEncoding = 4; lastKnownFileType = sourcecode.c.objc; path = ConstituenciesViewController.m; sourceTree = "<group>"; };
		2284919F13B2484200853F54 /* ConstituenciesViewController.xib */ = {isa = PBXFileReference; fileEncoding = 4; lastKnownFileType = file.xib; path = ConstituenciesViewController.xib; sourceTree = "<group>"; };
		228491A013B2484200853F54 /* LordsViewController.h */ = {isa = PBXFileReference; fileEncoding = 4; lastKnownFileType = sourcecode.c.h; path = LordsViewController.h; sourceTree = "<group>"; };
		228491A113B2484200853F54 /* LordsViewController.m */ = {isa = PBXFileReference; fileEncoding = 4; lastKnownFileType = sourcecode.c.objc; path = LordsViewController.m; sourceTree = "<group>"; };
		228491A213B2484200853F54 /* LordsViewController.xib */ = {isa = PBXFileReference; fileEncoding = 4; lastKnownFileType = file.xib; path = LordsViewController.xib; sourceTree = "<group>"; };
		228491A313B2484200853F54 /* MPsViewController.h */ = {isa = PBXFileReference; fileEncoding = 4; lastKnownFileType = sourcecode.c.h; path = MPsViewController.h; sourceTree = "<group>"; };
		228491A413B2484200853F54 /* MPsViewController.m */ = {isa = PBXFileReference; fileEncoding = 4; lastKnownFileType = sourcecode.c.objc; path = MPsViewController.m; sourceTree = "<group>"; };
		228491A513B2484200853F54 /* MPsViewController.xib */ = {isa = PBXFileReference; fileEncoding = 4; lastKnownFileType = file.xib; path = MPsViewController.xib; sourceTree = "<group>"; };
		228491A613B2484200853F54 /* SettingViewController.h */ = {isa = PBXFileReference; fileEncoding = 4; lastKnownFileType = sourcecode.c.h; path = SettingViewController.h; sourceTree = "<group>"; };
		228491A713B2484200853F54 /* SettingViewController.m */ = {isa = PBXFileReference; fileEncoding = 4; lastKnownFileType = sourcecode.c.objc; path = SettingViewController.m; sourceTree = "<group>"; };
		228491A813B2484200853F54 /* SettingViewController.xib */ = {isa = PBXFileReference; fileEncoding = 4; lastKnownFileType = file.xib; path = SettingViewController.xib; sourceTree = "<group>"; };
		228491B313B2495E00853F54 /* README.markdown */ = {isa = PBXFileReference; fileEncoding = 4; lastKnownFileType = text; path = README.markdown; sourceTree = "<group>"; };
/* End PBXFileReference section */

/* Begin PBXFrameworksBuildPhase section */
		2284917213B2480500853F54 /* Frameworks */ = {
			isa = PBXFrameworksBuildPhase;
			buildActionMask = 2147483647;
			files = (
				2284917A13B2480500853F54 /* UIKit.framework in Frameworks */,
				2284917C13B2480500853F54 /* Foundation.framework in Frameworks */,
				2284917E13B2480500853F54 /* CoreGraphics.framework in Frameworks */,
			);
			runOnlyForDeploymentPostprocessing = 0;
		};
/* End PBXFrameworksBuildPhase section */

/* Begin PBXGroup section */
		2284916A13B2480500853F54 = {
			isa = PBXGroup;
			children = (
				2284917F13B2480500853F54 /* TWFY */,
				2284917813B2480500853F54 /* Frameworks */,
				2284917613B2480500853F54 /* Products */,
			);
			sourceTree = "<group>";
		};
		2284917613B2480500853F54 /* Products */ = {
			isa = PBXGroup;
			children = (
				2284917513B2480500853F54 /* TWFY.app */,
			);
			name = Products;
			sourceTree = "<group>";
		};
		2284917813B2480500853F54 /* Frameworks */ = {
			isa = PBXGroup;
			children = (
				2284917913B2480500853F54 /* UIKit.framework */,
				2284917B13B2480500853F54 /* Foundation.framework */,
				2284917D13B2480500853F54 /* CoreGraphics.framework */,
			);
			name = Frameworks;
			sourceTree = "<group>";
		};
		2284917F13B2480500853F54 /* TWFY */ = {
			isa = PBXGroup;
			children = (
				228491B213B2486100853F54 /* Nibs */,
				228491B113B2484500853F54 /* View Controllers */,
				2284919C13B2482900853F54 /* Objects */,
				2284918813B2480500853F54 /* TWFYAppDelegate.h */,
				2284918913B2480600853F54 /* TWFYAppDelegate.m */,
				2284918B13B2480600853F54 /* MainWindow.xib */,
				2284918013B2480500853F54 /* Supporting Files */,
				228491B313B2495E00853F54 /* README.markdown */,
			);
			path = TWFY;
			sourceTree = "<group>";
		};
		2284918013B2480500853F54 /* Supporting Files */ = {
			isa = PBXGroup;
			children = (
				2284918113B2480500853F54 /* TWFY-Info.plist */,
				2284918213B2480500853F54 /* InfoPlist.strings */,
				2284918513B2480500853F54 /* TWFY-Prefix.pch */,
				2284918613B2480500853F54 /* main.m */,
			);
			name = "Supporting Files";
			sourceTree = "<group>";
		};
		2284919C13B2482900853F54 /* Objects */ = {
			isa = PBXGroup;
			children = (
				2284919313B2482500853F54 /* Constituency.h */,
				2284919413B2482500853F54 /* Constituency.m */,
				2284919513B2482500853F54 /* Lord.h */,
				2284919613B2482500853F54 /* Lord.m */,
				2284919713B2482500853F54 /* MP.h */,
				2284919813B2482500853F54 /* MP.m */,
			);
			name = Objects;
			sourceTree = "<group>";
		};
		228491B113B2484500853F54 /* View Controllers */ = {
			isa = PBXGroup;
			children = (
				2284919D13B2484200853F54 /* ConstituenciesViewController.h */,
				2284919E13B2484200853F54 /* ConstituenciesViewController.m */,
				228491A013B2484200853F54 /* LordsViewController.h */,
				228491A113B2484200853F54 /* LordsViewController.m */,
				228491A313B2484200853F54 /* MPsViewController.h */,
				228491A413B2484200853F54 /* MPsViewController.m */,
				228491A613B2484200853F54 /* SettingViewController.h */,
				228491A713B2484200853F54 /* SettingViewController.m */,
			);
			name = "View Controllers";
			sourceTree = "<group>";
		};
		228491B213B2486100853F54 /* Nibs */ = {
			isa = PBXGroup;
			children = (
				2284919F13B2484200853F54 /* ConstituenciesViewController.xib */,
				228491A213B2484200853F54 /* LordsViewController.xib */,
				228491A513B2484200853F54 /* MPsViewController.xib */,
				228491A813B2484200853F54 /* SettingViewController.xib */,
			);
			name = Nibs;
			sourceTree = "<group>";
		};
/* End PBXGroup section */

/* Begin PBXNativeTarget section */
		2284917413B2480500853F54 /* TWFY */ = {
			isa = PBXNativeTarget;
			buildConfigurationList = 2284919013B2480600853F54 /* Build configuration list for PBXNativeTarget "TWFY" */;
			buildPhases = (
				2284917113B2480500853F54 /* Sources */,
				2284917213B2480500853F54 /* Frameworks */,
				2284917313B2480500853F54 /* Resources */,
			);
			buildRules = (
			);
			dependencies = (
			);
			name = TWFY;
			productName = TWFY;
			productReference = 2284917513B2480500853F54 /* TWFY.app */;
			productType = "com.apple.product-type.application";
		};
/* End PBXNativeTarget section */

/* Begin PBXProject section */
		2284916C13B2480500853F54 /* Project object */ = {
			isa = PBXProject;
			attributes = {
				LastUpgradeCheck = 0420;
				ORGANIZATIONNAME = "Charismatic Megafauna Ltd";
			};
			buildConfigurationList = 2284916F13B2480500853F54 /* Build configuration list for PBXProject "TWFY" */;
			compatibilityVersion = "Xcode 3.2";
			developmentRegion = English;
			hasScannedForEncodings = 0;
			knownRegions = (
				en,
			);
			mainGroup = 2284916A13B2480500853F54;
			productRefGroup = 2284917613B2480500853F54 /* Products */;
			projectDirPath = "";
			projectRoot = "";
			targets = (
				2284917413B2480500853F54 /* TWFY */,
			);
		};
/* End PBXProject section */

/* Begin PBXResourcesBuildPhase section */
		2284917313B2480500853F54 /* Resources */ = {
			isa = PBXResourcesBuildPhase;
			buildActionMask = 2147483647;
			files = (
				2284918413B2480500853F54 /* InfoPlist.strings in Resources */,
				2284918D13B2480600853F54 /* MainWindow.xib in Resources */,
				228491AA13B2484200853F54 /* ConstituenciesViewController.xib in Resources */,
				228491AC13B2484200853F54 /* LordsViewController.xib in Resources */,
				228491AE13B2484200853F54 /* MPsViewController.xib in Resources */,
				228491B013B2484200853F54 /* SettingViewController.xib in Resources */,
				228491B413B2495E00853F54 /* README.markdown in Resources */,
			);
			runOnlyForDeploymentPostprocessing = 0;
		};
/* End PBXResourcesBuildPhase section */

/* Begin PBXSourcesBuildPhase section */
		2284917113B2480500853F54 /* Sources */ = {
			isa = PBXSourcesBuildPhase;
			buildActionMask = 2147483647;
			files = (
				2284918713B2480500853F54 /* main.m in Sources */,
				2284918A13B2480600853F54 /* TWFYAppDelegate.m in Sources */,
				2284919913B2482500853F54 /* Constituency.m in Sources */,
				2284919A13B2482500853F54 /* Lord.m in Sources */,
				2284919B13B2482500853F54 /* MP.m in Sources */,
				228491A913B2484200853F54 /* ConstituenciesViewController.m in Sources */,
				228491AB13B2484200853F54 /* LordsViewController.m in Sources */,
				228491AD13B2484200853F54 /* MPsViewController.m in Sources */,
				228491AF13B2484200853F54 /* SettingViewController.m in Sources */,
			);
			runOnlyForDeploymentPostprocessing = 0;
		};
/* End PBXSourcesBuildPhase section */

/* Begin PBXVariantGroup section */
		2284918213B2480500853F54 /* InfoPlist.strings */ = {
			isa = PBXVariantGroup;
			children = (
				2284918313B2480500853F54 /* en */,
			);
			name = InfoPlist.strings;
			sourceTree = "<group>";
		};
		2284918B13B2480600853F54 /* MainWindow.xib */ = {
			isa = PBXVariantGroup;
			children = (
				2284918C13B2480600853F54 /* en */,
			);
			name = MainWindow.xib;
			sourceTree = "<group>";
		};
/* End PBXVariantGroup section */

/* Begin XCBuildConfiguration section */
		2284918E13B2480600853F54 /* Debug */ = {
			isa = XCBuildConfiguration;
			buildSettings = {
				ARCHS = "$(ARCHS_STANDARD_32_BIT)";
				"CODE_SIGN_IDENTITY[sdk=iphoneos*]" = "iPhone Developer";
				GCC_C_LANGUAGE_STANDARD = gnu99;
				GCC_OPTIMIZATION_LEVEL = 0;
				GCC_PREPROCESSOR_DEFINITIONS = DEBUG;
				GCC_SYMBOLS_PRIVATE_EXTERN = NO;
				GCC_VERSION = com.apple.compilers.llvmgcc42;
				GCC_WARN_ABOUT_MISSING_PROTOTYPES = YES;
				GCC_WARN_ABOUT_RETURN_TYPE = YES;
				GCC_WARN_UNUSED_VARIABLE = YES;
				IPHONEOS_DEPLOYMENT_TARGET = 4.3;
				SDKROOT = iphoneos;
			};
			name = Debug;
		};
		2284918F13B2480600853F54 /* Release */ = {
			isa = XCBuildConfiguration;
			buildSettings = {
				ARCHS = "$(ARCHS_STANDARD_32_BIT)";
				"CODE_SIGN_IDENTITY[sdk=iphoneos*]" = "iPhone Developer";
				GCC_C_LANGUAGE_STANDARD = gnu99;
				GCC_VERSION = com.apple.compilers.llvmgcc42;
				GCC_WARN_ABOUT_MISSING_PROTOTYPES = YES;
				GCC_WARN_ABOUT_RETURN_TYPE = YES;
				GCC_WARN_UNUSED_VARIABLE = YES;
				IPHONEOS_DEPLOYMENT_TARGET = 4.3;
				OTHER_CFLAGS = "-DNS_BLOCK_ASSERTIONS=1";
				SDKROOT = iphoneos;
			};
			name = Release;
		};
		2284919113B2480600853F54 /* Debug */ = {
			isa = XCBuildConfiguration;
			buildSettings = {
				ALWAYS_SEARCH_USER_PATHS = NO;
				COPY_PHASE_STRIP = NO;
				GCC_DYNAMIC_NO_PIC = NO;
				GCC_PRECOMPILE_PREFIX_HEADER = YES;
				GCC_PREFIX_HEADER = "TWFY/TWFY-Prefix.pch";
				INFOPLIST_FILE = "TWFY/TWFY-Info.plist";
				PRODUCT_NAME = "$(TARGET_NAME)";
				WRAPPER_EXTENSION = app;
			};
			name = Debug;
		};
		2284919213B2480600853F54 /* Release */ = {
			isa = XCBuildConfiguration;
			buildSettings = {
				ALWAYS_SEARCH_USER_PATHS = NO;
				COPY_PHASE_STRIP = YES;
				GCC_PRECOMPILE_PREFIX_HEADER = YES;
				GCC_PREFIX_HEADER = "TWFY/TWFY-Prefix.pch";
				INFOPLIST_FILE = "TWFY/TWFY-Info.plist";
				PRODUCT_NAME = "$(TARGET_NAME)";
				VALIDATE_PRODUCT = YES;
				WRAPPER_EXTENSION = app;
			};
			name = Release;
		};
/* End XCBuildConfiguration section */

/* Begin XCConfigurationList section */
		2284916F13B2480500853F54 /* Build configuration list for PBXProject "TWFY" */ = {
			isa = XCConfigurationList;
			buildConfigurations = (
				2284918E13B2480600853F54 /* Debug */,
				2284918F13B2480600853F54 /* Release */,
			);
			defaultConfigurationIsVisible = 0;
			defaultConfigurationName = Release;
		};
		2284919013B2480600853F54 /* Build configuration list for PBXNativeTarget "TWFY" */ = {
			isa = XCConfigurationList;
			buildConfigurations = (
				2284919113B2480600853F54 /* Debug */,
				2284919213B2480600853F54 /* Release */,
			);
			defaultConfigurationIsVisible = 0;
			defaultConfigurationName = Release;
		};
/* End XCConfigurationList section */
	};
	rootObject = 2284916C13B2480500853F54 /* Project object */;
}
